{
  "name": "de-cms",
  "version": "1.0.0",
  "lockfileVersion": 2,
  "requires": true,
  "packages": {
    "": {
      "name": "de-cms",
      "version": "1.0.0",
      "license": "MIT",
      "dependencies": {
        "cache-buddy": "^1.1.1",
        "filter-buddy": "^1.1.2",
        "header-buddy": "^1.0.0",
        "menu-buddy": "^1.3.91",
        "table-buddy": "^1.1.3"
      }
    },
    "node_modules/cache-buddy": {
      "version": "1.1.1",
      "resolved": "https://registry.npmjs.org/cache-buddy/-/cache-buddy-1.1.1.tgz",
      "integrity": "sha512-7y+hYOivinire8KWkvY2AufRwKWW3QvVHHoY/eDb7dG/aiGhMPGf65/BLlOoNwWuxJeXNcgJ5Yofi/KqGtWRZw=="
    },
    "node_modules/filter-buddy": {
      "version": "1.1.2",
      "resolved": "https://registry.npmjs.org/filter-buddy/-/filter-buddy-1.1.2.tgz",
      "integrity": "sha512-jhrP4+OJ4IFgxe8fpj5yDM7KpRPssY8kEVbjDzITERqHqlkIITEXBb/nTPDtoJ8Jn7PCLzQm5iDtuo7UB1EchA=="
    },
    "node_modules/header-buddy": {
      "version": "1.0.0",
      "resolved": "https://registry.npmjs.org/header-buddy/-/header-buddy-1.0.0.tgz",
      "integrity": "sha512-mHorr29zpQtPVjUqtbRxXTYrWvUgu281TEco+rxGvrpt0jqQO2EJE62Kd62jlG2T6Z1VDxciP/JE0KqIqzFZdA=="
    },
    "node_modules/menu-buddy": {
      "version": "1.3.91",
      "resolved": "https://registry.npmjs.org/menu-buddy/-/menu-buddy-1.3.91.tgz",
      "integrity": "sha512-v8Sx3Cpr7FSfeLCRQnK4eJ8Izo+R2yQsq1d2bFxbNlmoDqje3dcqY5jFYU5/zR+YelpPS0P2Mgy2ktkD9UC3IQ=="
    },
    "node_modules/table-buddy": {
      "version": "1.1.3",
      "resolved": "https://registry.npmjs.org/table-buddy/-/table-buddy-1.1.3.tgz",
      "integrity": "sha512-3YdPKNuoWlpwQwO4U4PZPvXQ1DKrqWVTHbdE7LRz33sYYaQOpB4gbYHTNov5PGh6YMKEPQsouE1K+Z2aZwVdBQ=="
    }
  },
  "dependencies": {
    "cache-buddy": {
      "version": "1.1.1",
      "resolved": "https://registry.npmjs.org/cache-buddy/-/cache-buddy-1.1.1.tgz",
      "integrity": "sha512-7y+hYOivinire8KWkvY2AufRwKWW3QvVHHoY/eDb7dG/aiGhMPGf65/BLlOoNwWuxJeXNcgJ5Yofi/KqGtWRZw=="
    },
    "filter-buddy": {
      "version": "1.1.2",
      "resolved": "https://registry.npmjs.org/filter-buddy/-/filter-buddy-1.1.2.tgz",
      "integrity": "sha512-jhrP4+OJ4IFgxe8fpj5yDM7KpRPssY8kEVbjDzITERqHqlkIITEXBb/nTPDtoJ8Jn7PCLzQm5iDtuo7UB1EchA=="
    },
    "header-buddy": {
      "version": "1.0.0",
      "resolved": "https://registry.npmjs.org/header-buddy/-/header-buddy-1.0.0.tgz",
      "integrity": "sha512-mHorr29zpQtPVjUqtbRxXTYrWvUgu281TEco+rxGvrpt0jqQO2EJE62Kd62jlG2T6Z1VDxciP/JE0KqIqzFZdA=="
    },
    "menu-buddy": {
      "version": "1.3.91",
      "resolved": "https://registry.npmjs.org/menu-buddy/-/menu-buddy-1.3.91.tgz",
      "integrity": "sha512-v8Sx3Cpr7FSfeLCRQnK4eJ8Izo+R2yQsq1d2bFxbNlmoDqje3dcqY5jFYU5/zR+YelpPS0P2Mgy2ktkD9UC3IQ=="
    },
    "table-buddy": {
      "version": "1.1.3",
      "resolved": "https://registry.npmjs.org/table-buddy/-/table-buddy-1.1.3.tgz",
      "integrity": "sha512-3YdPKNuoWlpwQwO4U4PZPvXQ1DKrqWVTHbdE7LRz33sYYaQOpB4gbYHTNov5PGh6YMKEPQsouE1K+Z2aZwVdBQ=="
    }
  }
}
