{
  "name": "de-cms",
  "version": "1.0.0",
  "lockfileVersion": 2,
  "requires": true,
  "packages": {
    "": {
      "name": "de-cms",
      "version": "1.0.0",
      "license": "MIT",
      "dependencies": {
        "cache-buddy": "^1.1.1",
        "filter-buddy": "^1.1.1",
        "header-buddy": "^1.0.0",
        "menu-buddy": "^1.3.8",
        "table-buddy": "^1.1.1"
      }
    },
    "node_modules/cache-buddy": {
      "version": "1.1.1",
      "resolved": "https://registry.npmjs.org/cache-buddy/-/cache-buddy-1.1.1.tgz",
      "integrity": "sha512-7y+hYOivinire8KWkvY2AufRwKWW3QvVHHoY/eDb7dG/aiGhMPGf65/BLlOoNwWuxJeXNcgJ5Yofi/KqGtWRZw=="
    },
    "node_modules/filter-buddy": {
      "version": "1.1.1",
      "resolved": "https://registry.npmjs.org/filter-buddy/-/filter-buddy-1.1.1.tgz",
      "integrity": "sha512-HoU+r31U8I7bIalMuQFEIjWgK9kwfLQ7ZQizbCh4GJqSvLgJJEROwRvAdI6QoMqI8GJ2V2Wh8i8hWDVCdZdDrg=="
    },
    "node_modules/header-buddy": {
      "version": "1.0.0",
      "resolved": "https://registry.npmjs.org/header-buddy/-/header-buddy-1.0.0.tgz",
      "integrity": "sha512-mHorr29zpQtPVjUqtbRxXTYrWvUgu281TEco+rxGvrpt0jqQO2EJE62Kd62jlG2T6Z1VDxciP/JE0KqIqzFZdA=="
    },
    "node_modules/menu-buddy": {
      "version": "1.3.8",
      "resolved": "https://registry.npmjs.org/menu-buddy/-/menu-buddy-1.3.8.tgz",
      "integrity": "sha512-UzK9IlAZjQWJl2F+q7Kw5Ea1dkCdox5/42gHh7Rbl2zD9pj7nVwQI/2Nr2hskQ2Pf8QygmmhNt3WWv3ZxHmVDw=="
    },
    "node_modules/table-buddy": {
      "version": "1.1.1",
      "resolved": "https://registry.npmjs.org/table-buddy/-/table-buddy-1.1.1.tgz",
      "integrity": "sha512-phR27lqVtofJRDv9FD4UJBRV4v+kXZeUFw3IgVfhyH+XvZUhvw0ua/pvMXSbXTshfwW0e55mZ1CMjt9nU6K8Aw=="
    }
  },
  "dependencies": {
    "cache-buddy": {
      "version": "1.1.1",
      "resolved": "https://registry.npmjs.org/cache-buddy/-/cache-buddy-1.1.1.tgz",
      "integrity": "sha512-7y+hYOivinire8KWkvY2AufRwKWW3QvVHHoY/eDb7dG/aiGhMPGf65/BLlOoNwWuxJeXNcgJ5Yofi/KqGtWRZw=="
    },
    "filter-buddy": {
      "version": "1.1.1",
      "resolved": "https://registry.npmjs.org/filter-buddy/-/filter-buddy-1.1.1.tgz",
      "integrity": "sha512-HoU+r31U8I7bIalMuQFEIjWgK9kwfLQ7ZQizbCh4GJqSvLgJJEROwRvAdI6QoMqI8GJ2V2Wh8i8hWDVCdZdDrg=="
    },
    "header-buddy": {
      "version": "1.0.0",
      "resolved": "https://registry.npmjs.org/header-buddy/-/header-buddy-1.0.0.tgz",
      "integrity": "sha512-mHorr29zpQtPVjUqtbRxXTYrWvUgu281TEco+rxGvrpt0jqQO2EJE62Kd62jlG2T6Z1VDxciP/JE0KqIqzFZdA=="
    },
    "menu-buddy": {
      "version": "1.3.8",
      "resolved": "https://registry.npmjs.org/menu-buddy/-/menu-buddy-1.3.8.tgz",
      "integrity": "sha512-UzK9IlAZjQWJl2F+q7Kw5Ea1dkCdox5/42gHh7Rbl2zD9pj7nVwQI/2Nr2hskQ2Pf8QygmmhNt3WWv3ZxHmVDw=="
    },
    "table-buddy": {
      "version": "1.1.1",
      "resolved": "https://registry.npmjs.org/table-buddy/-/table-buddy-1.1.1.tgz",
      "integrity": "sha512-phR27lqVtofJRDv9FD4UJBRV4v+kXZeUFw3IgVfhyH+XvZUhvw0ua/pvMXSbXTshfwW0e55mZ1CMjt9nU6K8Aw=="
    }
  }
}
