{
  "name": "de-cms",
  "version": "1.0.0",
  "lockfileVersion": 1,
  "requires": true,
  "dependencies": {
    "cache-buddy": {
      "version": "1.1.0",
      "resolved": "https://registry.npmjs.org/cache-buddy/-/cache-buddy-1.1.0.tgz",
      "integrity": "sha512-m7YVyw5y3bBZXqziWv/nToafVFq5ojq+/+ucvSJEqXt9pkbHymTg4anKwfPzKfinKnwGwbn7h5+hUozjeVUl1g=="
    },
    "filter-buddy": {
      "version": "1.1.1",
      "resolved": "https://registry.npmjs.org/filter-buddy/-/filter-buddy-1.1.1.tgz",
      "integrity": "sha512-HoU+r31U8I7bIalMuQFEIjWgK9kwfLQ7ZQizbCh4GJqSvLgJJEROwRvAdI6QoMqI8GJ2V2Wh8i8hWDVCdZdDrg=="
    },
    "header-buddy": {
      "version": "1.0.0",
      "resolved": "https://registry.npmjs.org/header-buddy/-/header-buddy-1.0.0.tgz",
      "integrity": "sha512-mHorr29zpQtPVjUqtbRxXTYrWvUgu281TEco+rxGvrpt0jqQO2EJE62Kd62jlG2T6Z1VDxciP/JE0KqIqzFZdA=="
    },
    "menu-buddy": {
      "version": "1.2.3",
      "resolved": "https://registry.npmjs.org/menu-buddy/-/menu-buddy-1.2.3.tgz",
      "integrity": "sha512-+B+VyBhHZWAza4aVX00ZFr5xgZo56SQrNhSYAEdX7cRC214qLN0CLHnrB09m3P8w1krrGJaVpR8LuVFEx6vDMA=="
    },
    "table-buddy": {
      "version": "1.1.0",
      "resolved": "https://registry.npmjs.org/table-buddy/-/table-buddy-1.1.0.tgz",
      "integrity": "sha512-LkeVZOweoTucot3QxvDwyiM6DLVBOmAqRuEYV7jq3H+8sT9SHFB8Ed8CXjfyNjIp5U83L2teSaYxRdtk4XhVDw=="
    }
  }
}
